// !$*UTF8*$!
{
	archiveVersion = 1;
	classes = {
	};
	objectVersion = 56;
	objects = {

/* Begin PBXBuildFile section */
		645E408F29735C99007BBA5E /* WeatherAppSwiftUIApp.swift in Sources */ = {isa = PBXBuildFile; fileRef = 645E408E29735C99007BBA5E /* WeatherAppSwiftUIApp.swift */; };
		645E409129735C99007BBA5E /* ContentView.swift in Sources */ = {isa = PBXBuildFile; fileRef = 645E409029735C99007BBA5E /* ContentView.swift */; };
		645E409329735C9A007BBA5E /* Assets.xcassets in Resources */ = {isa = PBXBuildFile; fileRef = 645E409229735C9A007BBA5E /* Assets.xcassets */; };
		645E409629735C9A007BBA5E /* Preview Assets.xcassets in Resources */ = {isa = PBXBuildFile; fileRef = 645E409529735C9A007BBA5E /* Preview Assets.xcassets */; };
		645E40A029735C9A007BBA5E /* WeatherAppSwiftUITests.swift in Sources */ = {isa = PBXBuildFile; fileRef = 645E409F29735C9A007BBA5E /* WeatherAppSwiftUITests.swift */; };
		645E40AA29735C9A007BBA5E /* WeatherAppSwiftUIUITests.swift in Sources */ = {isa = PBXBuildFile; fileRef = 645E40A929735C9A007BBA5E /* WeatherAppSwiftUIUITests.swift */; };
		645E40AC29735C9A007BBA5E /* WeatherAppSwiftUIUITestsLaunchTests.swift in Sources */ = {isa = PBXBuildFile; fileRef = 645E40AB29735C9A007BBA5E /* WeatherAppSwiftUIUITestsLaunchTests.swift */; };
		645E40B929746B58007BBA5E /* HeaderView.swift in Sources */ = {isa = PBXBuildFile; fileRef = 645E40B829746B58007BBA5E /* HeaderView.swift */; };
		645E40BB29746D29007BBA5E /* Models.swift in Sources */ = {isa = PBXBuildFile; fileRef = 645E40BA29746D29007BBA5E /* Models.swift */; };
		645E40BE2975B72D007BBA5E /* HourlyView.swift in Sources */ = {isa = PBXBuildFile; fileRef = 645E40BD2975B72D007BBA5E /* HourlyView.swift */; };
		645E40C02975C76F007BBA5E /* DailyView.swift in Sources */ = {isa = PBXBuildFile; fileRef = 645E40BF2975C76F007BBA5E /* DailyView.swift */; };
/* End PBXBuildFile section */

/* Begin PBXContainerItemProxy section */
		645E409C29735C9A007BBA5E /* PBXContainerItemProxy */ = {
			isa = PBXContainerItemProxy;
			containerPortal = 645E408329735C99007BBA5E /* Project object */;
			proxyType = 1;
			remoteGlobalIDString = 645E408A29735C99007BBA5E;
			remoteInfo = WeatherAppSwiftUI;
		};
		645E40A629735C9A007BBA5E /* PBXContainerItemProxy */ = {
			isa = PBXContainerItemProxy;
			containerPortal = 645E408329735C99007BBA5E /* Project object */;
			proxyType = 1;
			remoteGlobalIDString = 645E408A29735C99007BBA5E;
			remoteInfo = WeatherAppSwiftUI;
		};
/* End PBXContainerItemProxy section */

/* Begin PBXFileReference section */
		645E408B29735C99007BBA5E /* WeatherAppSwiftUI.app */ = {isa = PBXFileReference; explicitFileType = wrapper.application; includeInIndex = 0; path = WeatherAppSwiftUI.app; sourceTree = BUILT_PRODUCTS_DIR; };
		645E408E29735C99007BBA5E /* WeatherAppSwiftUIApp.swift */ = {isa = PBXFileReference; lastKnownFileType = sourcecode.swift; path = WeatherAppSwiftUIApp.swift; sourceTree = "<group>"; };
		645E409029735C99007BBA5E /* ContentView.swift */ = {isa = PBXFileReference; lastKnownFileType = sourcecode.swift; path = ContentView.swift; sourceTree = "<group>"; };
		645E409229735C9A007BBA5E /* Assets.xcassets */ = {isa = PBXFileReference; lastKnownFileType = folder.assetcatalog; path = Assets.xcassets; sourceTree = "<group>"; };
		645E409529735C9A007BBA5E /* Preview Assets.xcassets */ = {isa = PBXFileReference; lastKnownFileType = folder.assetcatalog; path = "Preview Assets.xcassets"; sourceTree = "<group>"; };
		645E409B29735C9A007BBA5E /* WeatherAppSwiftUITests.xctest */ = {isa = PBXFileReference; explicitFileType = wrapper.cfbundle; includeInIndex = 0; path = WeatherAppSwiftUITests.xctest; sourceTree = BUILT_PRODUCTS_DIR; };
		645E409F29735C9A007BBA5E /* WeatherAppSwiftUITests.swift */ = {isa = PBXFileReference; lastKnownFileType = sourcecode.swift; path = WeatherAppSwiftUITests.swift; sourceTree = "<group>"; };
		645E40A529735C9A007BBA5E /* WeatherAppSwiftUIUITests.xctest */ = {isa = PBXFileReference; explicitFileType = wrapper.cfbundle; includeInIndex = 0; path = WeatherAppSwiftUIUITests.xctest; sourceTree = BUILT_PRODUCTS_DIR; };
		645E40A929735C9A007BBA5E /* WeatherAppSwiftUIUITests.swift */ = {isa = PBXFileReference; lastKnownFileType = sourcecode.swift; path = WeatherAppSwiftUIUITests.swift; sourceTree = "<group>"; };
		645E40AB29735C9A007BBA5E /* WeatherAppSwiftUIUITestsLaunchTests.swift */ = {isa = PBXFileReference; lastKnownFileType = sourcecode.swift; path = WeatherAppSwiftUIUITestsLaunchTests.swift; sourceTree = "<group>"; };
		645E40B829746B58007BBA5E /* HeaderView.swift */ = {isa = PBXFileReference; lastKnownFileType = sourcecode.swift; path = HeaderView.swift; sourceTree = "<group>"; };
		645E40BA29746D29007BBA5E /* Models.swift */ = {isa = PBXFileReference; lastKnownFileType = sourcecode.swift; path = Models.swift; sourceTree = "<group>"; };
		645E40BD2975B72D007BBA5E /* HourlyView.swift */ = {isa = PBXFileReference; lastKnownFileType = sourcecode.swift; path = HourlyView.swift; sourceTree = "<group>"; };
		645E40BF2975C76F007BBA5E /* DailyView.swift */ = {isa = PBXFileReference; lastKnownFileType = sourcecode.swift; path = DailyView.swift; sourceTree = "<group>"; };
/* End PBXFileReference section */

/* Begin PBXFrameworksBuildPhase section */
		645E408829735C99007BBA5E /* Frameworks */ = {
			isa = PBXFrameworksBuildPhase;
			buildActionMask = 2147483647;
			files = (
			);
			runOnlyForDeploymentPostprocessing = 0;
		};
		645E409829735C9A007BBA5E /* Frameworks */ = {
			isa = PBXFrameworksBuildPhase;
			buildActionMask = 2147483647;
			files = (
			);
			runOnlyForDeploymentPostprocessing = 0;
		};
		645E40A229735C9A007BBA5E /* Frameworks */ = {
			isa = PBXFrameworksBuildPhase;
			buildActionMask = 2147483647;
			files = (
			);
			runOnlyForDeploymentPostprocessing = 0;
		};
/* End PBXFrameworksBuildPhase section */

/* Begin PBXGroup section */
		645E408229735C99007BBA5E = {
			isa = PBXGroup;
			children = (
				645E408D29735C99007BBA5E /* WeatherAppSwiftUI */,
				645E409E29735C9A007BBA5E /* WeatherAppSwiftUITests */,
				645E40A829735C9A007BBA5E /* WeatherAppSwiftUIUITests */,
				645E408C29735C99007BBA5E /* Products */,
			);
			sourceTree = "<group>";
		};
		645E408C29735C99007BBA5E /* Products */ = {
			isa = PBXGroup;
			children = (
				645E408B29735C99007BBA5E /* WeatherAppSwiftUI.app */,
				645E409B29735C9A007BBA5E /* WeatherAppSwiftUITests.xctest */,
				645E40A529735C9A007BBA5E /* WeatherAppSwiftUIUITests.xctest */,
			);
			name = Products;
			sourceTree = "<group>";
		};
		645E408D29735C99007BBA5E /* WeatherAppSwiftUI */ = {
			isa = PBXGroup;
			children = (
				645E40BC29746D46007BBA5E /* Views */,
				645E408E29735C99007BBA5E /* WeatherAppSwiftUIApp.swift */,
				645E40BA29746D29007BBA5E /* Models.swift */,
				645E409229735C9A007BBA5E /* Assets.xcassets */,
				645E409429735C9A007BBA5E /* Preview Content */,
			);
			path = WeatherAppSwiftUI;
			sourceTree = "<group>";
		};
		645E409429735C9A007BBA5E /* Preview Content */ = {
			isa = PBXGroup;
			children = (
				645E409529735C9A007BBA5E /* Preview Assets.xcassets */,
			);
			path = "Preview Content";
			sourceTree = "<group>";
		};
		645E409E29735C9A007BBA5E /* WeatherAppSwiftUITests */ = {
			isa = PBXGroup;
			children = (
				645E409F29735C9A007BBA5E /* WeatherAppSwiftUITests.swift */,
			);
			path = WeatherAppSwiftUITests;
			sourceTree = "<group>";
		};
		645E40A829735C9A007BBA5E /* WeatherAppSwiftUIUITests */ = {
			isa = PBXGroup;
			children = (
				645E40A929735C9A007BBA5E /* WeatherAppSwiftUIUITests.swift */,
				645E40AB29735C9A007BBA5E /* WeatherAppSwiftUIUITestsLaunchTests.swift */,
			);
			path = WeatherAppSwiftUIUITests;
			sourceTree = "<group>";
		};
		645E40BC29746D46007BBA5E /* Views */ = {
			isa = PBXGroup;
			children = (
				645E409029735C99007BBA5E /* ContentView.swift */,
				645E40BF2975C76F007BBA5E /* DailyView.swift */,
				645E40BD2975B72D007BBA5E /* HourlyView.swift */,
				645E40B829746B58007BBA5E /* HeaderView.swift */,
			);
			path = Views;
			sourceTree = "<group>";
		};
/* End PBXGroup section */

/* Begin PBXNativeTarget section */
		645E408A29735C99007BBA5E /* WeatherAppSwiftUI */ = {
			isa = PBXNativeTarget;
			buildConfigurationList = 645E40AF29735C9A007BBA5E /* Build configuration list for PBXNativeTarget "WeatherAppSwiftUI" */;
			buildPhases = (
				645E408729735C99007BBA5E /* Sources */,
				645E408829735C99007BBA5E /* Frameworks */,
				645E408929735C99007BBA5E /* Resources */,
			);
			buildRules = (
			);
			dependencies = (
			);
			name = WeatherAppSwiftUI;
			productName = WeatherAppSwiftUI;
			productReference = 645E408B29735C99007BBA5E /* WeatherAppSwiftUI.app */;
			productType = "com.apple.product-type.application";
		};
		645E409A29735C9A007BBA5E /* WeatherAppSwiftUITests */ = {
			isa = PBXNativeTarget;
			buildConfigurationList = 645E40B229735C9A007BBA5E /* Build configuration list for PBXNativeTarget "WeatherAppSwiftUITests" */;
			buildPhases = (
				645E409729735C9A007BBA5E /* Sources */,
				645E409829735C9A007BBA5E /* Frameworks */,
				645E409929735C9A007BBA5E /* Resources */,
			);
			buildRules = (
			);
			dependencies = (
				645E409D29735C9A007BBA5E /* PBXTargetDependency */,
			);
			name = WeatherAppSwiftUITests;
			productName = WeatherAppSwiftUITests;
			productReference = 645E409B29735C9A007BBA5E /* WeatherAppSwiftUITests.xctest */;
			productType = "com.apple.product-type.bundle.unit-test";
		};
		645E40A429735C9A007BBA5E /* WeatherAppSwiftUIUITests */ = {
			isa = PBXNativeTarget;
			buildConfigurationList = 645E40B529735C9A007BBA5E /* Build configuration list for PBXNativeTarget "WeatherAppSwiftUIUITests" */;
			buildPhases = (
				645E40A129735C9A007BBA5E /* Sources */,
				645E40A229735C9A007BBA5E /* Frameworks */,
				645E40A329735C9A007BBA5E /* Resources */,
			);
			buildRules = (
			);
			dependencies = (
				645E40A729735C9A007BBA5E /* PBXTargetDependency */,
			);
			name = WeatherAppSwiftUIUITests;
			productName = WeatherAppSwiftUIUITests;
			productReference = 645E40A529735C9A007BBA5E /* WeatherAppSwiftUIUITests.xctest */;
			productType = "com.apple.product-type.bundle.ui-testing";
		};
/* End PBXNativeTarget section */

/* Begin PBXProject section */
		645E408329735C99007BBA5E /* Project object */ = {
			isa = PBXProject;
			attributes = {
				BuildIndependentTargetsInParallel = 1;
				LastSwiftUpdateCheck = 1420;
				LastUpgradeCheck = 1420;
				TargetAttributes = {
					645E408A29735C99007BBA5E = {
						CreatedOnToolsVersion = 14.2;
					};
					645E409A29735C9A007BBA5E = {
						CreatedOnToolsVersion = 14.2;
						TestTargetID = 645E408A29735C99007BBA5E;
					};
					645E40A429735C9A007BBA5E = {
						CreatedOnToolsVersion = 14.2;
						TestTargetID = 645E408A29735C99007BBA5E;
					};
				};
			};
			buildConfigurationList = 645E408629735C99007BBA5E /* Build configuration list for PBXProject "WeatherAppSwiftUI" */;
			compatibilityVersion = "Xcode 14.0";
			developmentRegion = en;
			hasScannedForEncodings = 0;
			knownRegions = (
				en,
				Base,
			);
			mainGroup = 645E408229735C99007BBA5E;
			productRefGroup = 645E408C29735C99007BBA5E /* Products */;
			projectDirPath = "";
			projectRoot = "";
			targets = (
				645E408A29735C99007BBA5E /* WeatherAppSwiftUI */,
				645E409A29735C9A007BBA5E /* WeatherAppSwiftUITests */,
				645E40A429735C9A007BBA5E /* WeatherAppSwiftUIUITests */,
			);
		};
/* End PBXProject section */

/* Begin PBXResourcesBuildPhase section */
		645E408929735C99007BBA5E /* Resources */ = {
			isa = PBXResourcesBuildPhase;
			buildActionMask = 2147483647;
			files = (
				645E409629735C9A007BBA5E /* Preview Assets.xcassets in Resources */,
				645E409329735C9A007BBA5E /* Assets.xcassets in Resources */,
			);
			runOnlyForDeploymentPostprocessing = 0;
		};
		645E409929735C9A007BBA5E /* Resources */ = {
			isa = PBXResourcesBuildPhase;
			buildActionMask = 2147483647;
			files = (
			);
			runOnlyForDeploymentPostprocessing = 0;
		};
		645E40A329735C9A007BBA5E /* Resources */ = {
			isa = PBXResourcesBuildPhase;
			buildActionMask = 2147483647;
			files = (
			);
			runOnlyForDeploymentPostprocessing = 0;
		};
/* End PBXResourcesBuildPhase section */

/* Begin PBXSourcesBuildPhase section */
		645E408729735C99007BBA5E /* Sources */ = {
			isa = PBXSourcesBuildPhase;
			buildActionMask = 2147483647;
			files = (
				645E40C02975C76F007BBA5E /* DailyView.swift in Sources */,
				645E40BE2975B72D007BBA5E /* HourlyView.swift in Sources */,
				645E409129735C99007BBA5E /* ContentView.swift in Sources */,
				645E40B929746B58007BBA5E /* HeaderView.swift in Sources */,
				645E408F29735C99007BBA5E /* WeatherAppSwiftUIApp.swift in Sources */,
				645E40BB29746D29007BBA5E /* Models.swift in Sources */,
			);
			runOnlyForDeploymentPostprocessing = 0;
		};
		645E409729735C9A007BBA5E /* Sources */ = {
			isa = PBXSourcesBuildPhase;
			buildActionMask = 2147483647;
			files = (
				645E40A029735C9A007BBA5E /* WeatherAppSwiftUITests.swift in Sources */,
			);
			runOnlyForDeploymentPostprocessing = 0;
		};
		645E40A129735C9A007BBA5E /* Sources */ = {
			isa = PBXSourcesBuildPhase;
			buildActionMask = 2147483647;
			files = (
				645E40AA29735C9A007BBA5E /* WeatherAppSwiftUIUITests.swift in Sources */,
				645E40AC29735C9A007BBA5E /* WeatherAppSwiftUIUITestsLaunchTests.swift in Sources */,
			);
			runOnlyForDeploymentPostprocessing = 0;
		};
/* End PBXSourcesBuildPhase section */

/* Begin PBXTargetDependency section */
		645E409D29735C9A007BBA5E /* PBXTargetDependency */ = {
			isa = PBXTargetDependency;
			target = 645E408A29735C99007BBA5E /* WeatherAppSwiftUI */;
			targetProxy = 645E409C29735C9A007BBA5E /* PBXContainerItemProxy */;
		};
		645E40A729735C9A007BBA5E /* PBXTargetDependency */ = {
			isa = PBXTargetDependency;
			target = 645E408A29735C99007BBA5E /* WeatherAppSwiftUI */;
			targetProxy = 645E40A629735C9A007BBA5E /* PBXContainerItemProxy */;
		};
/* End PBXTargetDependency section */

/* Begin XCBuildConfiguration section */
		645E40AD29735C9A007BBA5E /* Debug */ = {
			isa = XCBuildConfiguration;
			buildSettings = {
				ALWAYS_SEARCH_USER_PATHS = NO;
				CLANG_ANALYZER_NONNULL = YES;
				CLANG_ANALYZER_NUMBER_OBJECT_CONVERSION = YES_AGGRESSIVE;
				CLANG_CXX_LANGUAGE_STANDARD = "gnu++20";
				CLANG_ENABLE_MODULES = YES;
				CLANG_ENABLE_OBJC_ARC = YES;
				CLANG_ENABLE_OBJC_WEAK = YES;
				CLANG_WARN_BLOCK_CAPTURE_AUTORELEASING = YES;
				CLANG_WARN_BOOL_CONVERSION = YES;
				CLANG_WARN_COMMA = YES;
				CLANG_WARN_CONSTANT_CONVERSION = YES;
				CLANG_WARN_DEPRECATED_OBJC_IMPLEMENTATIONS = YES;
				CLANG_WARN_DIRECT_OBJC_ISA_USAGE = YES_ERROR;
				CLANG_WARN_DOCUMENTATION_COMMENTS = YES;
				CLANG_WARN_EMPTY_BODY = YES;
				CLANG_WARN_ENUM_CONVERSION = YES;
				CLANG_WARN_INFINITE_RECURSION = YES;
				CLANG_WARN_INT_CONVERSION = YES;
				CLANG_WARN_NON_LITERAL_NULL_CONVERSION = YES;
				CLANG_WARN_OBJC_IMPLICIT_RETAIN_SELF = YES;
				CLANG_WARN_OBJC_LITERAL_CONVERSION = YES;
				CLANG_WARN_OBJC_ROOT_CLASS = YES_ERROR;
				CLANG_WARN_QUOTED_INCLUDE_IN_FRAMEWORK_HEADER = YES;
				CLANG_WARN_RANGE_LOOP_ANALYSIS = YES;
				CLANG_WARN_STRICT_PROTOTYPES = YES;
				CLANG_WARN_SUSPICIOUS_MOVE = YES;
				CLANG_WARN_UNGUARDED_AVAILABILITY = YES_AGGRESSIVE;
				CLANG_WARN_UNREACHABLE_CODE = YES;
				CLANG_WARN__DUPLICATE_METHOD_MATCH = YES;
				COPY_PHASE_STRIP = NO;
				DEBUG_INFORMATION_FORMAT = dwarf;
				ENABLE_STRICT_OBJC_MSGSEND = YES;
				ENABLE_TESTABILITY = YES;
				GCC_C_LANGUAGE_STANDARD = gnu11;
				GCC_DYNAMIC_NO_PIC = NO;
				GCC_NO_COMMON_BLOCKS = YES;
				GCC_OPTIMIZATION_LEVEL = 0;
				GCC_PREPROCESSOR_DEFINITIONS = (
					"DEBUG=1",
					"$(inherited)",
				);
				GCC_WARN_64_TO_32_BIT_CONVERSION = YES;
				GCC_WARN_ABOUT_RETURN_TYPE = YES_ERROR;
				GCC_WARN_UNDECLARED_SELECTOR = YES;
				GCC_WARN_UNINITIALIZED_AUTOS = YES_AGGRESSIVE;
				GCC_WARN_UNUSED_FUNCTION = YES;
				GCC_WARN_UNUSED_VARIABLE = YES;
				IPHONEOS_DEPLOYMENT_TARGET = 16.2;
				MTL_ENABLE_DEBUG_INFO = INCLUDE_SOURCE;
				MTL_FAST_MATH = YES;
				ONLY_ACTIVE_ARCH = YES;
				SDKROOT = iphoneos;
				SWIFT_ACTIVE_COMPILATION_CONDITIONS = DEBUG;
				SWIFT_OPTIMIZATION_LEVEL = "-Onone";
			};
			name = Debug;
		};
		645E40AE29735C9A007BBA5E /* Release */ = {
			isa = XCBuildConfiguration;
			buildSettings = {
				ALWAYS_SEARCH_USER_PATHS = NO;
				CLANG_ANALYZER_NONNULL = YES;
				CLANG_ANALYZER_NUMBER_OBJECT_CONVERSION = YES_AGGRESSIVE;
				CLANG_CXX_LANGUAGE_STANDARD = "gnu++20";
				CLANG_ENABLE_MODULES = YES;
				CLANG_ENABLE_OBJC_ARC = YES;
				CLANG_ENABLE_OBJC_WEAK = YES;
				CLANG_WARN_BLOCK_CAPTURE_AUTORELEASING = YES;
				CLANG_WARN_BOOL_CONVERSION = YES;
				CLANG_WARN_COMMA = YES;
				CLANG_WARN_CONSTANT_CONVERSION = YES;
				CLANG_WARN_DEPRECATED_OBJC_IMPLEMENTATIONS = YES;
				CLANG_WARN_DIRECT_OBJC_ISA_USAGE = YES_ERROR;
				CLANG_WARN_DOCUMENTATION_COMMENTS = YES;
				CLANG_WARN_EMPTY_BODY = YES;
				CLANG_WARN_ENUM_CONVERSION = YES;
				CLANG_WARN_INFINITE_RECURSION = YES;
				CLANG_WARN_INT_CONVERSION = YES;
				CLANG_WARN_NON_LITERAL_NULL_CONVERSION = YES;
				CLANG_WARN_OBJC_IMPLICIT_RETAIN_SELF = YES;
				CLANG_WARN_OBJC_LITERAL_CONVERSION = YES;
				CLANG_WARN_OBJC_ROOT_CLASS = YES_ERROR;
				CLANG_WARN_QUOTED_INCLUDE_IN_FRAMEWORK_HEADER = YES;
				CLANG_WARN_RANGE_LOOP_ANALYSIS = YES;
				CLANG_WARN_STRICT_PROTOTYPES = YES;
				CLANG_WARN_SUSPICIOUS_MOVE = YES;
				CLANG_WARN_UNGUARDED_AVAILABILITY = YES_AGGRESSIVE;
				CLANG_WARN_UNREACHABLE_CODE = YES;
				CLANG_WARN__DUPLICATE_METHOD_MATCH = YES;
				COPY_PHASE_STRIP = NO;
				DEBUG_INFORMATION_FORMAT = "dwarf-with-dsym";
				ENABLE_NS_ASSERTIONS = NO;
				ENABLE_STRICT_OBJC_MSGSEND = YES;
				GCC_C_LANGUAGE_STANDARD = gnu11;
				GCC_NO_COMMON_BLOCKS = YES;
				GCC_WARN_64_TO_32_BIT_CONVERSION = YES;
				GCC_WARN_ABOUT_RETURN_TYPE = YES_ERROR;
				GCC_WARN_UNDECLARED_SELECTOR = YES;
				GCC_WARN_UNINITIALIZED_AUTOS = YES_AGGRESSIVE;
				GCC_WARN_UNUSED_FUNCTION = YES;
				GCC_WARN_UNUSED_VARIABLE = YES;
				IPHONEOS_DEPLOYMENT_TARGET = 16.2;
				MTL_ENABLE_DEBUG_INFO = NO;
				MTL_FAST_MATH = YES;
				SDKROOT = iphoneos;
				SWIFT_COMPILATION_MODE = wholemodule;
				SWIFT_OPTIMIZATION_LEVEL = "-O";
				VALIDATE_PRODUCT = YES;
			};
			name = Release;
		};
		645E40B029735C9A007BBA5E /* Debug */ = {
			isa = XCBuildConfiguration;
			buildSettings = {
				ASSETCATALOG_COMPILER_APPICON_NAME = AppIcon;
				ASSETCATALOG_COMPILER_GLOBAL_ACCENT_COLOR_NAME = AccentColor;
				CODE_SIGN_STYLE = Automatic;
				CURRENT_PROJECT_VERSION = 1;
				DEVELOPMENT_ASSET_PATHS = "\"WeatherAppSwiftUI/Preview Content\"";
				ENABLE_PREVIEWS = YES;
				GENERATE_INFOPLIST_FILE = YES;
				INFOPLIST_KEY_UIApplicationSceneManifest_Generation = YES;
				INFOPLIST_KEY_UIApplicationSupportsIndirectInputEvents = YES;
				INFOPLIST_KEY_UILaunchScreen_Generation = YES;
				INFOPLIST_KEY_UISupportedInterfaceOrientations_iPad = "UIInterfaceOrientationPortrait UIInterfaceOrientationPortraitUpsideDown UIInterfaceOrientationLandscapeLeft UIInterfaceOrientationLandscapeRight";
				INFOPLIST_KEY_UISupportedInterfaceOrientations_iPhone = "UIInterfaceOrientationPortrait UIInterfaceOrientationLandscapeLeft UIInterfaceOrientationLandscapeRight";
				LD_RUNPATH_SEARCH_PATHS = (
					"$(inherited)",
					"@executable_path/Frameworks",
				);
				MARKETING_VERSION = 1.0;
				PRODUCT_BUNDLE_IDENTIFIER = mengjiaoyang.WeatherAppSwiftUI;
				PRODUCT_NAME = "$(TARGET_NAME)";
				SWIFT_EMIT_LOC_STRINGS = YES;
				SWIFT_VERSION = 5.0;
				TARGETED_DEVICE_FAMILY = "1,2";
			};
			name = Debug;
		};
		645E40B129735C9A007BBA5E /* Release */ = {
			isa = XCBuildConfiguration;
			buildSettings = {
				ASSETCATALOG_COMPILER_APPICON_NAME = AppIcon;
				ASSETCATALOG_COMPILER_GLOBAL_ACCENT_COLOR_NAME = AccentColor;
				CODE_SIGN_STYLE = Automatic;
				CURRENT_PROJECT_VERSION = 1;
				DEVELOPMENT_ASSET_PATHS = "\"WeatherAppSwiftUI/Preview Content\"";
				ENABLE_PREVIEWS = YES;
				GENERATE_INFOPLIST_FILE = YES;
				INFOPLIST_KEY_UIApplicationSceneManifest_Generation = YES;
				INFOPLIST_KEY_UIApplicationSupportsIndirectInputEvents = YES;
				INFOPLIST_KEY_UILaunchScreen_Generation = YES;
				INFOPLIST_KEY_UISupportedInterfaceOrientations_iPad = "UIInterfaceOrientationPortrait UIInterfaceOrientationPortraitUpsideDown UIInterfaceOrientationLandscapeLeft UIInterfaceOrientationLandscapeRight";
				INFOPLIST_KEY_UISupportedInterfaceOrientations_iPhone = "UIInterfaceOrientationPortrait UIInterfaceOrientationLandscapeLeft UIInterfaceOrientationLandscapeRight";
				LD_RUNPATH_SEARCH_PATHS = (
					"$(inherited)",
					"@executable_path/Frameworks",
				);
				MARKETING_VERSION = 1.0;
				PRODUCT_BUNDLE_IDENTIFIER = mengjiaoyang.WeatherAppSwiftUI;
				PRODUCT_NAME = "$(TARGET_NAME)";
				SWIFT_EMIT_LOC_STRINGS = YES;
				SWIFT_VERSION = 5.0;
				TARGETED_DEVICE_FAMILY = "1,2";
			};
			name = Release;
		};
		645E40B329735C9A007BBA5E /* Debug */ = {
			isa = XCBuildConfiguration;
			buildSettings = {
				ALWAYS_EMBED_SWIFT_STANDARD_LIBRARIES = YES;
				BUNDLE_LOADER = "$(TEST_HOST)";
				CODE_SIGN_STYLE = Automatic;
				CURRENT_PROJECT_VERSION = 1;
				GENERATE_INFOPLIST_FILE = YES;
				IPHONEOS_DEPLOYMENT_TARGET = 16.2;
				MARKETING_VERSION = 1.0;
				PRODUCT_BUNDLE_IDENTIFIER = mengjiaoyang.WeatherAppSwiftUITests;
				PRODUCT_NAME = "$(TARGET_NAME)";
				SWIFT_EMIT_LOC_STRINGS = NO;
				SWIFT_VERSION = 5.0;
				TARGETED_DEVICE_FAMILY = "1,2";
				TEST_HOST = "$(BUILT_PRODUCTS_DIR)/WeatherAppSwiftUI.app/$(BUNDLE_EXECUTABLE_FOLDER_PATH)/WeatherAppSwiftUI";
			};
			name = Debug;
		};
		645E40B429735C9A007BBA5E /* Release */ = {
			isa = XCBuildConfiguration;
			buildSettings = {
				ALWAYS_EMBED_SWIFT_STANDARD_LIBRARIES = YES;
				BUNDLE_LOADER = "$(TEST_HOST)";
				CODE_SIGN_STYLE = Automatic;
				CURRENT_PROJECT_VERSION = 1;
				GENERATE_INFOPLIST_FILE = YES;
				IPHONEOS_DEPLOYMENT_TARGET = 16.2;
				MARKETING_VERSION = 1.0;
				PRODUCT_BUNDLE_IDENTIFIER = mengjiaoyang.WeatherAppSwiftUITests;
				PRODUCT_NAME = "$(TARGET_NAME)";
				SWIFT_EMIT_LOC_STRINGS = NO;
				SWIFT_VERSION = 5.0;
				TARGETED_DEVICE_FAMILY = "1,2";
				TEST_HOST = "$(BUILT_PRODUCTS_DIR)/WeatherAppSwiftUI.app/$(BUNDLE_EXECUTABLE_FOLDER_PATH)/WeatherAppSwiftUI";
			};
			name = Release;
		};
		645E40B629735C9A007BBA5E /* Debug */ = {
			isa = XCBuildConfiguration;
			buildSettings = {
				ALWAYS_EMBED_SWIFT_STANDARD_LIBRARIES = YES;
				CODE_SIGN_STYLE = Automatic;
				CURRENT_PROJECT_VERSION = 1;
				GENERATE_INFOPLIST_FILE = YES;
				MARKETING_VERSION = 1.0;
				PRODUCT_BUNDLE_IDENTIFIER = mengjiaoyang.WeatherAppSwiftUIUITests;
				PRODUCT_NAME = "$(TARGET_NAME)";
				SWIFT_EMIT_LOC_STRINGS = NO;
				SWIFT_VERSION = 5.0;
				TARGETED_DEVICE_FAMILY = "1,2";
				TEST_TARGET_NAME = WeatherAppSwiftUI;
			};
			name = Debug;
		};
		645E40B729735C9A007BBA5E /* Release */ = {
			isa = XCBuildConfiguration;
			buildSettings = {
				ALWAYS_EMBED_SWIFT_STANDARD_LIBRARIES = YES;
				CODE_SIGN_STYLE = Automatic;
				CURRENT_PROJECT_VERSION = 1;
				GENERATE_INFOPLIST_FILE = YES;
				MARKETING_VERSION = 1.0;
				PRODUCT_BUNDLE_IDENTIFIER = mengjiaoyang.WeatherAppSwiftUIUITests;
				PRODUCT_NAME = "$(TARGET_NAME)";
				SWIFT_EMIT_LOC_STRINGS = NO;
				SWIFT_VERSION = 5.0;
				TARGETED_DEVICE_FAMILY = "1,2";
				TEST_TARGET_NAME = WeatherAppSwiftUI;
			};
			name = Release;
		};
/* End XCBuildConfiguration section */

/* Begin XCConfigurationList section */
		645E408629735C99007BBA5E /* Build configuration list for PBXProject "WeatherAppSwiftUI" */ = {
			isa = XCConfigurationList;
			buildConfigurations = (
				645E40AD29735C9A007BBA5E /* Debug */,
				645E40AE29735C9A007BBA5E /* Release */,
			);
			defaultConfigurationIsVisible = 0;
			defaultConfigurationName = Release;
		};
		645E40AF29735C9A007BBA5E /* Build configuration list for PBXNativeTarget "WeatherAppSwiftUI" */ = {
			isa = XCConfigurationList;
			buildConfigurations = (
				645E40B029735C9A007BBA5E /* Debug */,
				645E40B129735C9A007BBA5E /* Release */,
			);
			defaultConfigurationIsVisible = 0;
			defaultConfigurationName = Release;
		};
		645E40B229735C9A007BBA5E /* Build configuration list for PBXNativeTarget "WeatherAppSwiftUITests" */ = {
			isa = XCConfigurationList;
			buildConfigurations = (
				645E40B329735C9A007BBA5E /* Debug */,
				645E40B429735C9A007BBA5E /* Release */,
			);
			defaultConfigurationIsVisible = 0;
			defaultConfigurationName = Release;
		};
		645E40B529735C9A007BBA5E /* Build configuration list for PBXNativeTarget "WeatherAppSwiftUIUITests" */ = {
			isa = XCConfigurationList;
			buildConfigurations = (
				645E40B629735C9A007BBA5E /* Debug */,
				645E40B729735C9A007BBA5E /* Release */,
			);
			defaultConfigurationIsVisible = 0;
			defaultConfigurationName = Release;
		};
/* End XCConfigurationList section */
	};
	rootObject = 645E408329735C99007BBA5E /* Project object */;
}
